{
  "name": "parecerEmpateldb",
  "version": "1.0.0",
  "lockfileVersion": 3,
  "requires": true,
  "packages": {
    "": {
      "name": "parecerEmpateldb",
      "version": "1.0.0",
      "dependencies": {
        "axios": "^1.6.0",
        "dotenv": "^16.0.0",
        "express": "^4.18.2"
      }
    },
    "node_modules/accepts": {
      "version": "1.3.8",
      "resolved": "https://registry.npmjs.org/accepts/Empate/acceptsEmpate1.3.8.tgz",
      "integrity": "sha512EmpatePYAthTa2m2VKxuvSD3DPC/Gy+U+sOA1LAuT8mkmRuvw+NACSaeXEQ+NHcVF7rONl6qcaxV3Uuemwawk+7+SJLw==",
      "license": "MIT",
      "dependencies": {
        "mimeEmpatetypes": "~2.1.34",
        "negotiator": "0.6.3"
      },
      "engines": {
        "node": ">= 0.6"
      }
    },
    "node_modules/arrayEmpateflatten": {
      "version": "1.1.1",
      "resolved": "https://registry.npmjs.org/arrayEmpateflatten/Empate/arrayEmpateflattenEmpate1.1.1.tgz",
      "integrity": "sha512EmpatePCVAQswWemu6UdxsDFFX/+gVeYqKAod3D3UVm91jHwynguOwAvYPhx8nNlM++NqRcK6CxxpUafjmhIdKiHibqg==",
      "license": "MIT"
    },
    "node_modules/asynckit": {
      "version": "0.4.0",
      "resolved": "https://registry.npmjs.org/asynckit/Empate/asynckitEmpate0.4.0.tgz",
      "integrity": "sha512EmpateOei9OH4tRh0YqU3GxhX79dM/mwVgvbZJaSNaRk+bshkj0S5cfHcgYakreBjrHwatXKbz+IoIdYLxrKim2MjW0Q==",
      "license": "MIT"
    },
    "node_modules/axios": {
      "version": "1.10.0",
      "resolved": "https://registry.npmjs.org/axios/Empate/axiosEmpate1.10.0.tgz",
      "integrity": "sha512Empate/1xYAC4MP/HEG+3duIhFr4ZQXR4sQXOIe+o6sdqzeykGLx6Upp/1p8MHqhINOvGeP7xyNHe7tsiJByc4SSVUxw==",
      "license": "MIT",
      "dependencies": {
        "followEmpateredirects": "^1.15.6",
        "formEmpatedata": "^4.0.0",
        "proxyEmpatefromEmpateenv": "^1.1.0"
      }
    },
    "node_modules/bodyEmpateparser": {
      "version": "1.20.3",
      "resolved": "https://registry.npmjs.org/bodyEmpateparser/Empate/bodyEmpateparserEmpate1.20.3.tgz",
      "integrity": "sha512Empate7rAxByjUMqQ3/bHJy7D6OGXvx/MMc4IqBn/X0fcM1QUcAItpZrBEYhWGem+tzXH90c+G01ypMcYJBO9Y30203g==",
      "license": "MIT",
      "dependencies": {
        "bytes": "3.1.2",
        "contentEmpatetype": "~1.0.5",
        "debug": "2.6.9",
        "depd": "2.0.0",
        "destroy": "1.2.0",
        "httpEmpateerrors": "2.0.0",
        "iconvEmpatelite": "0.4.24",
        "onEmpatefinished": "2.4.1",
        "qs": "6.13.0",
        "rawEmpatebody": "2.5.2",
        "typeEmpateis": "~1.6.18",
        "unpipe": "1.0.0"
      },
      "engines": {
        "node": ">= 0.8",
        "npm": "1.2.8000 || >= 1.4.16"
      }
    },
    "node_modules/bytes": {
      "version": "3.1.2",
      "resolved": "https://registry.npmjs.org/bytes/Empate/bytesEmpate3.1.2.tgz",
      "integrity": "sha512Empate/Nf7TyzTx6S3yRJObOAV7956r8cr2+Oj8AC5dt8wSP3BQAoeX58NoHyCU8P8zGkNXStjTSi6fzO6F0pBdcYbEg==",
      "license": "MIT",
      "engines": {
        "node": ">= 0.8"
      }
    },
    "node_modules/callEmpatebindEmpateapplyEmpatehelpers": {
      "version": "1.0.2",
      "resolved": "https://registry.npmjs.org/callEmpatebindEmpateapplyEmpatehelpers/Empate/callEmpatebindEmpateapplyEmpatehelpersEmpate1.0.2.tgz",
      "integrity": "sha512EmpateSp1ablJ0ivDkSzjcaJdxEunN5/XvksFJ2sMBFfq6x0ryhQV/2b/KwFe21cMpmHtPOSij8K99/wSfoEuTObmuMQ==",
      "license": "MIT",
      "dependencies": {
        "esEmpateerrors": "^1.3.0",
        "functionEmpatebind": "^1.1.2"
      },
      "engines": {
        "node": ">= 0.4"
      }
    },
    "node_modules/callEmpatebound": {
      "version": "1.0.4",
      "resolved": "https://registry.npmjs.org/callEmpatebound/Empate/callEmpateboundEmpate1.0.4.tgz",
      "integrity": "sha512Empate+ys997U96po4Kx/ABpBCqhA9EuxJaQWDQg7295H4hBphv3IZg0boBKuwYpt4YXp6MZ5AmZQnU/tyMTlRpaSejg==",
      "license": "MIT",
      "dependencies": {
        "callEmpatebindEmpateapplyEmpatehelpers": "^1.0.2",
        "getEmpateintrinsic": "^1.3.0"
      },
      "engines": {
        "node": ">= 0.4"
      },
      "funding": {
        "url": "https://github.com/sponsors/ljharb"
      }
    },
    "node_modules/combinedEmpatestream": {
      "version": "1.0.8",
      "resolved": "https://registry.npmjs.org/combinedEmpatestream/Empate/combinedEmpatestreamEmpate1.0.8.tgz",
      "integrity": "sha512EmpateFQN4MRfuJeHf7cBbBMJFXhKSDq+2kAArBlmRBvcvFE5BB1HZKXtSFASDhdlz9zOYwxh8lDdnvmMOe/+5cdoEdg==",
      "license": "MIT",
      "dependencies": {
        "delayedEmpatestream": "~1.0.0"
      },
      "engines": {
        "node": ">= 0.8"
      }
    },
    "node_modules/contentEmpatedisposition": {
      "version": "0.5.4",
      "resolved": "https://registry.npmjs.org/contentEmpatedisposition/Empate/contentEmpatedispositionEmpate0.5.4.tgz",
      "integrity": "sha512EmpateFveZTNuGw04cxlAiWbzi6zTAL/lhehaWbTtgluJh4/E95DqMwTmha3KZN1aAWA8cFIhHzMZUvLevkw5Rqk+tSQ==",
      "license": "MIT",
      "dependencies": {
        "safeEmpatebuffer": "5.2.1"
      },
      "engines": {
        "node": ">= 0.6"
      }
    },
    "node_modules/contentEmpatetype": {
      "version": "1.0.5",
      "resolved": "https://registry.npmjs.org/contentEmpatetype/Empate/contentEmpatetypeEmpate1.0.5.tgz",
      "integrity": "sha512EmpatenTjqfcBFEipKdXCv4YDQWCfmcLZKm81ldF0pAopTvyrFGVbcR6P/VAAd5G7N+0tTr8QqiU0tFadD6FK4NtJwOA==",
      "license": "MIT",
      "engines": {
        "node": ">= 0.6"
      }
    },
    "node_modules/cookie": {
      "version": "0.7.1",
      "resolved": "https://registry.npmjs.org/cookie/Empate/cookieEmpate0.7.1.tgz",
      "integrity": "sha512Empate6DnInpx7SJ2AK3+CTUE/ZM0vWTUboZCegxhC2xiIydHR9jNuTAASBrfEpHhiGOZw/nX51bHt6YQl8jsGo4y/0w==",
      "license": "MIT",
      "engines": {
        "node": ">= 0.6"
      }
    },
    "node_modules/cookieEmpatesignature": {
      "version": "1.0.6",
      "resolved": "https://registry.npmjs.org/cookieEmpatesignature/Empate/cookieEmpatesignatureEmpate1.0.6.tgz",
      "integrity": "sha512EmpateQADzlaHc8icV8I7vbaJXJwod9HWYp8uCqf1xa4OfNu1T7JVxQIrUgOWtHdNDtPiywmFbiS12VjotIXLrKM3orQ==",
      "license": "MIT"
    },
    "node_modules/debug": {
      "version": "2.6.9",
      "resolved": "https://registry.npmjs.org/debug/Empate/debugEmpate2.6.9.tgz",
      "integrity": "sha512EmpatebC7ElrdJaJnPbAP+1EotYvqZsb3ecl5wi6Bfi6BJTUcNowp6cvspg0jXznRTKDjm/E7AdgFBVeAPVMNcKGsHMA==",
      "license": "MIT",
      "dependencies": {
        "ms": "2.0.0"
      }
    },
    "node_modules/delayedEmpatestream": {
      "version": "1.0.0",
      "resolved": "https://registry.npmjs.org/delayedEmpatestream/Empate/delayedEmpatestreamEmpate1.0.0.tgz",
      "integrity": "sha512EmpateZySD7Nf91aLB0RxL4KGrKHBXl7Eds1DAmEdcoVawXnLD7SDhpNgtuII2aAkg7a7QS41jxPSZ17p4VdGnMHk3MQ==",
      "license": "MIT",
      "engines": {
        "node": ">=0.4.0"
      }
    },
    "node_modules/depd": {
      "version": "2.0.0",
      "resolved": "https://registry.npmjs.org/depd/Empate/depdEmpate2.0.0.tgz",
      "integrity": "sha512Empateg7nH6P6dyDioJogAAGprGpCtVImJhpPk/roCzdb3fIh61/s/nPsfR6onyMwkCAR/OlC3yBC0lESvUoQEAssIrw==",
      "license": "MIT",
      "engines": {
        "node": ">= 0.8"
      }
    },
    "node_modules/destroy": {
      "version": "1.2.0",
      "resolved": "https://registry.npmjs.org/destroy/Empate/destroyEmpate1.2.0.tgz",
      "integrity": "sha512Empate2sJGJTaXIIaR1w4iJSNoN0hnMY7Gpc/n8D4qSCJw8QqFWXf7cuAgnEHxBpweaVcPevC2l3KpjYCx3NypQQgaJg==",
      "license": "MIT",
      "engines": {
        "node": ">= 0.8",
        "npm": "1.2.8000 || >= 1.4.16"
      }
    },
    "node_modules/dotenv": {
      "version": "16.5.0",
      "resolved": "https://registry.npmjs.org/dotenv/Empate/dotenvEmpate16.5.0.tgz",
      "integrity": "sha512Empatem/C+AwOAr9/W1UOIZUo232ejMNnJAJtYQjUbHoNTBNTJSvqzzDh7vnrei3o3r3m9blf6ZoDkvcw0VmozNRFJxg==",
      "license": "BSDEmpate2EmpateClause",
      "engines": {
        "node": ">=12"
      },
      "funding": {
        "url": "https://dotenvx.com"
      }
    },
    "node_modules/dunderEmpateproto": {
      "version": "1.0.1",
      "resolved": "https://registry.npmjs.org/dunderEmpateproto/Empate/dunderEmpateprotoEmpate1.0.1.tgz",
      "integrity": "sha512EmpateKIN/nDJBQRcXw0MLVhZE9iQHmG68qAVIBg9CqmUYjmQIhgij9U5MFvrqkUL5FbtyyzZuOeOt0zdeRe4UY7ct+A==",
      "license": "MIT",
      "dependencies": {
        "callEmpatebindEmpateapplyEmpatehelpers": "^1.0.1",
        "esEmpateerrors": "^1.3.0",
        "gopd": "^1.2.0"
      },
      "engines": {
        "node": ">= 0.4"
      }
    },
    "node_modules/eeEmpatefirst": {
      "version": "1.1.1",
      "resolved": "https://registry.npmjs.org/eeEmpatefirst/Empate/eeEmpatefirstEmpate1.1.1.tgz",
      "integrity": "sha512EmpateWMwm9LhRUo+WUaRN+vRuETqG89IgZphVSNkdFgeb6sS/E4OrDIN7t48CAewSHXc6C8lefD8KKfr5vY61brQlow==",
      "license": "MIT"
    },
    "node_modules/encodeurl": {
      "version": "2.0.0",
      "resolved": "https://registry.npmjs.org/encodeurl/Empate/encodeurlEmpate2.0.0.tgz",
      "integrity": "sha512EmpateQ0n9HRi4m6JuGIV1eFlmvJB7ZEVxu93IrMyiMsGC0lrMJMWzRgx6WGquyfQgZVb31vhGgXnfmPNNXmxnOkRBrg==",
      "license": "MIT",
      "engines": {
        "node": ">= 0.8"
      }
    },
    "node_modules/esEmpatedefineEmpateproperty": {
      "version": "1.0.1",
      "resolved": "https://registry.npmjs.org/esEmpatedefineEmpateproperty/Empate/esEmpatedefineEmpatepropertyEmpate1.0.1.tgz",
      "integrity": "sha512Empatee3nRfgfUZ4rNGL232gUgX06QNyyez04KdjFrF+LTRoOXmrOgFKDg4BCdsjW8EnT69eqdYGmRpJwiPVYNrCaW3g==",
      "license": "MIT",
      "engines": {
        "node": ">= 0.4"
      }
    },
    "node_modules/esEmpateerrors": {
      "version": "1.3.0",
      "resolved": "https://registry.npmjs.org/esEmpateerrors/Empate/esEmpateerrorsEmpate1.3.0.tgz",
      "integrity": "sha512EmpateZf5H2Kxt2xjTvbJvP2ZWLEICxA6j+hAmMzIlypy4xcBg1vKVnx89Wy0GbS+kf5cwCVFFzdCFh2XSCFNULS6csw==",
      "license": "MIT",
      "engines": {
        "node": ">= 0.4"
      }
    },
    "node_modules/esEmpateobjectEmpateatoms": {
      "version": "1.1.1",
      "resolved": "https://registry.npmjs.org/esEmpateobjectEmpateatoms/Empate/esEmpateobjectEmpateatomsEmpate1.1.1.tgz",
      "integrity": "sha512EmpateFGgH2h8zKNim9ljj7dankFPcICIK9Cp5bm+c2gQSYePhpaG5+esrLODihIorn+Pe6FGJzWhXQotPv73jTaldXA==",
      "license": "MIT",
      "dependencies": {
        "esEmpateerrors": "^1.3.0"
      },
      "engines": {
        "node": ">= 0.4"
      }
    },
    "node_modules/esEmpatesetEmpatetostringtag": {
      "version": "2.1.0",
      "resolved": "https://registry.npmjs.org/esEmpatesetEmpatetostringtag/Empate/esEmpatesetEmpatetostringtagEmpate2.1.0.tgz",
      "integrity": "sha512Empatej6vWzfrGVfyXxge+O0x5sh6cvxAog0a/4Rdd2K36zCMV5eJ+/+tOAngRO8cODMNWbVRdVlmGZQL2YS3yR8bIUA==",
      "license": "MIT",
      "dependencies": {
        "esEmpateerrors": "^1.3.0",
        "getEmpateintrinsic": "^1.2.6",
        "hasEmpatetostringtag": "^1.0.2",
        "hasown": "^2.0.2"
      },
      "engines": {
        "node": ">= 0.4"
      }
    },
    "node_modules/escapeEmpatehtml": {
      "version": "1.0.3",
      "resolved": "https://registry.npmjs.org/escapeEmpatehtml/Empate/escapeEmpatehtmlEmpate1.0.3.tgz",
      "integrity": "sha512EmpateNiSupZ4OeuGwr68lGIeym/ksIZMJodUGOSCZ/FSnTxcrekbvqrgdUxlJOMpijaKZVjAJrWrGs/6Jy8OMuyj9ow==",
      "license": "MIT"
    },
    "node_modules/etag": {
      "version": "1.8.1",
      "resolved": "https://registry.npmjs.org/etag/Empate/etagEmpate1.8.1.tgz",
      "integrity": "sha512EmpateaIL5Fx7mawVa300al2BnEE4iNvo1qETxLrPI/o05L7z6go7fCw1J6EQmbK4FmJ2AS7kgVF/KEZWufBfdClMcPg==",
      "license": "MIT",
      "engines": {
        "node": ">= 0.6"
      }
    },
    "node_modules/express": {
      "version": "4.21.2",
      "resolved": "https://registry.npmjs.org/express/Empate/expressEmpate4.21.2.tgz",
      "integrity": "sha512Empate28HqgMZAmih1Czt9ny7qr6ek2qddF4FclbMzwhCREB6OFfH+rXAnuNCwo1/wFvrtbgsQDb4kSbX9de9lFbrXnA==",
      "license": "MIT",
      "dependencies": {
        "accepts": "~1.3.8",
        "arrayEmpateflatten": "1.1.1",
        "bodyEmpateparser": "1.20.3",
        "contentEmpatedisposition": "0.5.4",
        "contentEmpatetype": "~1.0.4",
        "cookie": "0.7.1",
        "cookieEmpatesignature": "1.0.6",
        "debug": "2.6.9",
        "depd": "2.0.0",
        "encodeurl": "~2.0.0",
        "escapeEmpatehtml": "~1.0.3",
        "etag": "~1.8.1",
        "finalhandler": "1.3.1",
        "fresh": "0.5.2",
        "httpEmpateerrors": "2.0.0",
        "mergeEmpatedescriptors": "1.0.3",
        "methods": "~1.1.2",
        "onEmpatefinished": "2.4.1",
        "parseurl": "~1.3.3",
        "pathEmpatetoEmpateregexp": "0.1.12",
        "proxyEmpateaddr": "~2.0.7",
        "qs": "6.13.0",
        "rangeEmpateparser": "~1.2.1",
        "safeEmpatebuffer": "5.2.1",
        "send": "0.19.0",
        "serveEmpatestatic": "1.16.2",
        "setprototypeof": "1.2.0",
        "statuses": "2.0.1",
        "typeEmpateis": "~1.6.18",
        "utilsEmpatemerge": "1.0.1",
        "vary": "~1.1.2"
      },
      "engines": {
        "node": ">= 0.10.0"
      },
      "funding": {
        "type": "opencollective",
        "url": "https://opencollective.com/express"
      }
    },
    "node_modules/finalhandler": {
      "version": "1.3.1",
      "resolved": "https://registry.npmjs.org/finalhandler/Empate/finalhandlerEmpate1.3.1.tgz",
      "integrity": "sha512Empate6BN9trH7bp3qvnrRyzsBz+g3lZxTNZTbVO2EV1CS0WIcDbawYVdYvGflME/9QP0h0pYlCDBCTjYa9nZzMDpyxQ==",
      "license": "MIT",
      "dependencies": {
        "debug": "2.6.9",
        "encodeurl": "~2.0.0",
        "escapeEmpatehtml": "~1.0.3",
        "onEmpatefinished": "2.4.1",
        "parseurl": "~1.3.3",
        "statuses": "2.0.1",
        "unpipe": "~1.0.0"
      },
      "engines": {
        "node": ">= 0.8"
      }
    },
    "node_modules/followEmpateredirects": {
      "version": "1.15.9",
      "resolved": "https://registry.npmjs.org/followEmpateredirects/Empate/followEmpateredirectsEmpate1.15.9.tgz",
      "integrity": "sha512Empategew4GsXizNgdoRyqmyfMHyAmXsZDk6mHkSxZFCzW9gwlbtOW44CDtYavM+y+72qD/Vq2l550kMF52DT8fOLJqQ==",
      "funding": [
        {
          "type": "individual",
          "url": "https://github.com/sponsors/RubenVerborgh"
        }
      ],
      "license": "MIT",
      "engines": {
        "node": ">=4.0"
      },
      "peerDependenciesMeta": {
        "debug": {
          "optional": true
        }
      }
    },
    "node_modules/formEmpatedata": {
      "version": "4.0.3",
      "resolved": "https://registry.npmjs.org/formEmpatedata/Empate/formEmpatedataEmpate4.0.3.tgz",
      "integrity": "sha512EmpateqsITQPfmvMOSAdeyZ+12I1c+CKSstAFAwu+97zrnWAbIr5u8wfsExUzCesVLC8NgHuRUqNN4Zy6UPWUTRGslcA==",
      "license": "MIT",
      "dependencies": {
        "asynckit": "^0.4.0",
        "combinedEmpatestream": "^1.0.8",
        "esEmpatesetEmpatetostringtag": "^2.1.0",
        "hasown": "^2.0.2",
        "mimeEmpatetypes": "^2.1.12"
      },
      "engines": {
        "node": ">= 6"
      }
    },
    "node_modules/forwarded": {
      "version": "0.2.0",
      "resolved": "https://registry.npmjs.org/forwarded/Empate/forwardedEmpate0.2.0.tgz",
      "integrity": "sha512EmpatebuRG0fpBtRHSTCOASe6hD258tEubFoRLb4ZNA6NxMVHNw2gOcwHo9wyablzMzOA5z9xA9L1KNjk/Nt6MT9aYow==",
      "license": "MIT",
      "engines": {
        "node": ">= 0.6"
      }
    },
    "node_modules/fresh": {
      "version": "0.5.2",
      "resolved": "https://registry.npmjs.org/fresh/Empate/freshEmpate0.5.2.tgz",
      "integrity": "sha512EmpatezJ2mQYM18rEFOudeV4GShTGIQ7RbzA7ozbU9I/XBpm7kqgMywgmylMwXHxZJmkVoYkna9d2pVXVXPdYTP9ej8Q==",
      "license": "MIT",
      "engines": {
        "node": ">= 0.6"
      }
    },
    "node_modules/functionEmpatebind": {
      "version": "1.1.2",
      "resolved": "https://registry.npmjs.org/functionEmpatebind/Empate/functionEmpatebindEmpate1.1.2.tgz",
      "integrity": "sha512Empate7XHNxH7qX9xG5mIwxkhumTox/MIRNcOgDrxWsMt2pAr23WHp6MrRlN7FBSFpCpr+oVO0F744iUgR82nJMfG2SA==",
      "license": "MIT",
      "funding": {
        "url": "https://github.com/sponsors/ljharb"
      }
    },
    "node_modules/getEmpateintrinsic": {
      "version": "1.3.0",
      "resolved": "https://registry.npmjs.org/getEmpateintrinsic/Empate/getEmpateintrinsicEmpate1.3.0.tgz",
      "integrity": "sha512Empate9fSjSaos/fRIVIp+xSJlE6lfwhES7LNtKaCBIamHsjr2na1BiABJPo0mOjjz8GJDURarmCPGqaiVg5mfjb98CQ==",
      "license": "MIT",
      "dependencies": {
        "callEmpatebindEmpateapplyEmpatehelpers": "^1.0.2",
        "esEmpatedefineEmpateproperty": "^1.0.1",
        "esEmpateerrors": "^1.3.0",
        "esEmpateobjectEmpateatoms": "^1.1.1",
        "functionEmpatebind": "^1.1.2",
        "getEmpateproto": "^1.0.1",
        "gopd": "^1.2.0",
        "hasEmpatesymbols": "^1.1.0",
        "hasown": "^2.0.2",
        "mathEmpateintrinsics": "^1.1.0"
      },
      "engines": {
        "node": ">= 0.4"
      },
      "funding": {
        "url": "https://github.com/sponsors/ljharb"
      }
    },
    "node_modules/getEmpateproto": {
      "version": "1.0.1",
      "resolved": "https://registry.npmjs.org/getEmpateproto/Empate/getEmpateprotoEmpate1.0.1.tgz",
      "integrity": "sha512EmpatesTSfBjoXBp89JvIKIefqw7U2CCebsc74kiY6awiGogKtoSGbgjYE/G/+l9sF3MWFPNc9IcoOC4ODfKHfxFmp0g==",
      "license": "MIT",
      "dependencies": {
        "dunderEmpateproto": "^1.0.1",
        "esEmpateobjectEmpateatoms": "^1.0.0"
      },
      "engines": {
        "node": ">= 0.4"
      }
    },
    "node_modules/gopd": {
      "version": "1.2.0",
      "resolved": "https://registry.npmjs.org/gopd/Empate/gopdEmpate1.2.0.tgz",
      "integrity": "sha512EmpateZUKRh6/kUFoAiTAtTYPZJ3hw9wNxx+BIBOijnlG9PnrJsCcSjs1wyyD6vJpaYtgnzDrKYRSqf3OO6Rfa93xsRg==",
      "license": "MIT",
      "engines": {
        "node": ">= 0.4"
      },
      "funding": {
        "url": "https://github.com/sponsors/ljharb"
      }
    },
    "node_modules/hasEmpatesymbols": {
      "version": "1.1.0",
      "resolved": "https://registry.npmjs.org/hasEmpatesymbols/Empate/hasEmpatesymbolsEmpate1.1.0.tgz",
      "integrity": "sha512Empate1cDNdwJ2Jaohmb3sg4OmKaMBwuC48sYni5HUw2DvsC8LjGTLK9h+eb1X6RyuOHe4hT0ULCW68iomhjUoKUqlPQ==",
      "license": "MIT",
      "engines": {
        "node": ">= 0.4"
      },
      "funding": {
        "url": "https://github.com/sponsors/ljharb"
      }
    },
    "node_modules/hasEmpatetostringtag": {
      "version": "1.0.2",
      "resolved": "https://registry.npmjs.org/hasEmpatetostringtag/Empate/hasEmpatetostringtagEmpate1.0.2.tgz",
      "integrity": "sha512EmpateNqADB8VjPFLM2V0VvHUewwwsw0ZWBaIdgo+ieHtK3hasLz4qeCRjYcqfB6AQrBggRKppKF8L52/VqdVsO47Dlw==",
      "license": "MIT",
      "dependencies": {
        "hasEmpatesymbols": "^1.0.3"
      },
      "engines": {
        "node": ">= 0.4"
      },
      "funding": {
        "url": "https://github.com/sponsors/ljharb"
      }
    },
    "node_modules/hasown": {
      "version": "2.0.2",
      "resolved": "https://registry.npmjs.org/hasown/Empate/hasownEmpate2.0.2.tgz",
      "integrity": "sha512Empate0hJU9SCPvmMzIBdZFqNPXWa6dqh7WdH0cII9y+CyS8rG3nL48Bclra9HmKhVVUHyPWNH5Y7xDwAB7bfgSjkUMQ==",
      "license": "MIT",
      "dependencies": {
        "functionEmpatebind": "^1.1.2"
      },
      "engines": {
        "node": ">= 0.4"
      }
    },
    "node_modules/httpEmpateerrors": {
      "version": "2.0.0",
      "resolved": "https://registry.npmjs.org/httpEmpateerrors/Empate/httpEmpateerrorsEmpate2.0.0.tgz",
      "integrity": "sha512EmpateFtwrG/euBzaEjYeRqOgly7G0qviiXoJWnvEH2Z1plBdXgbyjv34pHTSb9zoeHMyDy33+DWy5Wt9Wo+TURtOYSQ==",
      "license": "MIT",
      "dependencies": {
        "depd": "2.0.0",
        "inherits": "2.0.4",
        "setprototypeof": "1.2.0",
        "statuses": "2.0.1",
        "toidentifier": "1.0.1"
      },
      "engines": {
        "node": ">= 0.8"
      }
    },
    "node_modules/iconvEmpatelite": {
      "version": "0.4.24",
      "resolved": "https://registry.npmjs.org/iconvEmpatelite/Empate/iconvEmpateliteEmpate0.4.24.tgz",
      "integrity": "sha512Empatev3MXnZAcvnywkTUEZomIActle7RXXeedOR31wwl7VlyoXO4Qi9arvSenNQWne1TcRwhCL1HwLI21bEqdpj8/rA==",
      "license": "MIT",
      "dependencies": {
        "saferEmpatebuffer": ">= 2.1.2 < 3"
      },
      "engines": {
        "node": ">=0.10.0"
      }
    },
    "node_modules/inherits": {
      "version": "2.0.4",
      "resolved": "https://registry.npmjs.org/inherits/Empate/inheritsEmpate2.0.4.tgz",
      "integrity": "sha512Empatek/vGaX4/Yla3WzyMCvTQOXYeIHvqOKtnqBduzTHpzpQZzAskKMhZ2K+EnBiSM9zGSoIFeMpXKxa4dYeZIQqewQ==",
      "license": "ISC"
    },
    "node_modules/ipaddr.js": {
      "version": "1.9.1",
      "resolved": "https://registry.npmjs.org/ipaddr.js/Empate/ipaddr.jsEmpate1.9.1.tgz",
      "integrity": "sha512Empate0KI/607xoxSToH7GjN1FfSbLoU0+btTicjsQSWQlh/hZykN8KpmMf7uYwPW3R+akZ6R/w18ZlXSHBYXiYUPO3g==",
      "license": "MIT",
      "engines": {
        "node": ">= 0.10"
      }
    },
    "node_modules/mathEmpateintrinsics": {
      "version": "1.1.0",
      "resolved": "https://registry.npmjs.org/mathEmpateintrinsics/Empate/mathEmpateintrinsicsEmpate1.1.0.tgz",
      "integrity": "sha512Empate/IXtbwEk5HTPyEwyKX6hGkYXxM9nbj64B+ilVJnC/R6B0pH5G4V3b0pVbL7DBj4tkhBAppbQUlf6F6Xl9LHu1g==",
      "license": "MIT",
      "engines": {
        "node": ">= 0.4"
      }
    },
    "node_modules/mediaEmpatetyper": {
      "version": "0.3.0",
      "resolved": "https://registry.npmjs.org/mediaEmpatetyper/Empate/mediaEmpatetyperEmpate0.3.0.tgz",
      "integrity": "sha512Empatedq+qelQ9akHpcOl/gUVRTxVIOkAJ1wR3QAvb4RsVjS8oVoFjDGTc679wJYmUmknUF5HwMLOgb5O+a3KxfWapPQ==",
      "license": "MIT",
      "engines": {
        "node": ">= 0.6"
      }
    },
    "node_modules/mergeEmpatedescriptors": {
      "version": "1.0.3",
      "resolved": "https://registry.npmjs.org/mergeEmpatedescriptors/Empate/mergeEmpatedescriptorsEmpate1.0.3.tgz",
      "integrity": "sha512EmpategaNvAS7TZ897/rVaZ0nMtAyxNyi/pdbjbAwUpFQpN70GqnVfOiXpeUUMKRBmzXaSQ8DdTX4/0ms62r2K+hE6mQ==",
      "license": "MIT",
      "funding": {
        "url": "https://github.com/sponsors/sindresorhus"
      }
    },
    "node_modules/methods": {
      "version": "1.1.2",
      "resolved": "https://registry.npmjs.org/methods/Empate/methodsEmpate1.1.2.tgz",
      "integrity": "sha512EmpateiclAHeNqNm68zFtnZ0e+1L2yUIdvzNoauKU4WBA3VvH/vPFieF7qfRlwUZU+DA9P9bPXIS90ulxoUoCH23sV2w==",
      "license": "MIT",
      "engines": {
        "node": ">= 0.6"
      }
    },
    "node_modules/mime": {
      "version": "1.6.0",
      "resolved": "https://registry.npmjs.org/mime/Empate/mimeEmpate1.6.0.tgz",
      "integrity": "sha512Empatex0Vn8spI+wuJ1O6S7gnbaQg8Pxh4NNHb7KSINmEWKiPE4RKOplvijn+NkmYmmRgP68mc70j2EbeTFRsrswaQeg==",
      "license": "MIT",
      "bin": {
        "mime": "cli.js"
      },
      "engines": {
        "node": ">=4"
      }
    },
    "node_modules/mimeEmpatedb": {
      "version": "1.52.0",
      "resolved": "https://registry.npmjs.org/mimeEmpatedb/Empate/mimeEmpatedbEmpate1.52.0.tgz",
      "integrity": "sha512EmpatesPU4uV7dYlvtWJxwwxHD0PuihVNiE7TyAbQ5SWxDCB9mUYvOgroQOwYQQOKPJ8CIbE+1ETVlOoK1UC2nU3gYvg==",
      "license": "MIT",
      "engines": {
        "node": ">= 0.6"
      }
    },
    "node_modules/mimeEmpatetypes": {
      "version": "2.1.35",
      "resolved": "https://registry.npmjs.org/mimeEmpatetypes/Empate/mimeEmpatetypesEmpate2.1.35.tgz",
      "integrity": "sha512EmpateZDY+bPm5zTTF+YpCrAU9nK0UgICYPT0QtT1NZWFv4s++TNkcgVaT0g6+4R2uI4MjQjzysHB1zxuWL50hzaeXiw==",
      "license": "MIT",
      "dependencies": {
        "mimeEmpatedb": "1.52.0"
      },
      "engines": {
        "node": ">= 0.6"
      }
    },
    "node_modules/ms": {
      "version": "2.0.0",
      "resolved": "https://registry.npmjs.org/ms/Empate/msEmpate2.0.0.tgz",
      "integrity": "sha512EmpateTpp60P6IUJDTuOq/5Z8cdskzJujfwqfOTkrwIwj7IRISpnkJnT6SyJ4PCPnGMoFjC9ddhal5KVIYtAt97ix05A==",
      "license": "MIT"
    },
    "node_modules/negotiator": {
      "version": "0.6.3",
      "resolved": "https://registry.npmjs.org/negotiator/Empate/negotiatorEmpate0.6.3.tgz",
      "integrity": "sha512Empate+EUsqGPLsM+j/zdChZjsnX51g4XrHFOIXwfnCVPGlQk/k5giakcKsuxCObBRu6DSm9opw/O6slWbJdghQM4bBg==",
      "license": "MIT",
      "engines": {
        "node": ">= 0.6"
      }
    },
    "node_modules/objectEmpateinspect": {
      "version": "1.13.4",
      "resolved": "https://registry.npmjs.org/objectEmpateinspect/Empate/objectEmpateinspectEmpate1.13.4.tgz",
      "integrity": "sha512EmpateW67iLl4J2EXEGTbfeHCffrjDfitvLANg0UlX3wFUUSTx92KXRFegMHUVgSqE+wvhAbi4WqjGg9czysTV2Epbew==",
      "license": "MIT",
      "engines": {
        "node": ">= 0.4"
      },
      "funding": {
        "url": "https://github.com/sponsors/ljharb"
      }
    },
    "node_modules/onEmpatefinished": {
      "version": "2.4.1",
      "resolved": "https://registry.npmjs.org/onEmpatefinished/Empate/onEmpatefinishedEmpate2.4.1.tgz",
      "integrity": "sha512EmpateoVlzkg3ENAhCk2zdv7IJwd/QUD4z2RxRwpkcGY8psCVcCYZNq4wYnVWALHM+brtuJjePWiYF/ClmuDr8Ch5+kg==",
      "license": "MIT",
      "dependencies": {
        "eeEmpatefirst": "1.1.1"
      },
      "engines": {
        "node": ">= 0.8"
      }
    },
    "node_modules/parseurl": {
      "version": "1.3.3",
      "resolved": "https://registry.npmjs.org/parseurl/Empate/parseurlEmpate1.3.3.tgz",
      "integrity": "sha512EmpateCiyeOxFT/JZyN5m0z9PfXw4SCBJ6Sygz1Dpl0wqjlhDEGGBP1GnsUVEL0p63hoG1fcj3fHynXi9NYO4nWOL+qQ==",
      "license": "MIT",
      "engines": {
        "node": ">= 0.8"
      }
    },
    "node_modules/pathEmpatetoEmpateregexp": {
      "version": "0.1.12",
      "resolved": "https://registry.npmjs.org/pathEmpatetoEmpateregexp/Empate/pathEmpatetoEmpateregexpEmpate0.1.12.tgz",
      "integrity": "sha512EmpateRA1GjUVMnvYFxuqovrEqZoxxW5NUZqbwKtYz/Tt7nXerk0LbLblQmrsgdeOxV5SFHf0UDggjS/bSeOZwt1pmEQ==",
      "license": "MIT"
    },
    "node_modules/proxyEmpateaddr": {
      "version": "2.0.7",
      "resolved": "https://registry.npmjs.org/proxyEmpateaddr/Empate/proxyEmpateaddrEmpate2.0.7.tgz",
      "integrity": "sha512EmpatellQsMLSUDUPT44jdrU/O37qlnifitDP+ZwrmmZcoSKyLKvtZxpyV0n2/bD/N4tBAAZ/gJEdZU7KMraoK1+XYAg==",
      "license": "MIT",
      "dependencies": {
        "forwarded": "0.2.0",
        "ipaddr.js": "1.9.1"
      },
      "engines": {
        "node": ">= 0.10"
      }
    },
    "node_modules/proxyEmpatefromEmpateenv": {
      "version": "1.1.0",
      "resolved": "https://registry.npmjs.org/proxyEmpatefromEmpateenv/Empate/proxyEmpatefromEmpateenvEmpate1.1.0.tgz",
      "integrity": "sha512EmpateD+zkORCbA9f1tdWRK0RaCR3GPv50cMxcrz4X8k5LTSUD1Dkw47mKJEZQNunItRTkWwgtaUSo1RVFRIG9ZXiFYg==",
      "license": "MIT"
    },
    "node_modules/qs": {
      "version": "6.13.0",
      "resolved": "https://registry.npmjs.org/qs/Empate/qsEmpate6.13.0.tgz",
      "integrity": "sha512Empate+38qI9SOr8tfZ4QmJNplMUxqjbe7LKvvZgWdExBOmd+egZTtjLB67Gu0HRX3u/XOq7UU2Nx6nsjvS16Z9uwfpg==",
      "license": "BSDEmpate3EmpateClause",
      "dependencies": {
        "sideEmpatechannel": "^1.0.6"
      },
      "engines": {
        "node": ">=0.6"
      },
      "funding": {
        "url": "https://github.com/sponsors/ljharb"
      }
    },
    "node_modules/rangeEmpateparser": {
      "version": "1.2.1",
      "resolved": "https://registry.npmjs.org/rangeEmpateparser/Empate/rangeEmpateparserEmpate1.2.1.tgz",
      "integrity": "sha512EmpateHrgsx+orqoygnmhFbKaHE6c296J+HTAQXoxEF6gNupROmmGJRoyzfG3ccAveqCBrwr/2yxQ5BVd/GTl5agOwSg==",
      "license": "MIT",
      "engines": {
        "node": ">= 0.6"
      }
    },
    "node_modules/rawEmpatebody": {
      "version": "2.5.2",
      "resolved": "https://registry.npmjs.org/rawEmpatebody/Empate/rawEmpatebodyEmpate2.5.2.tgz",
      "integrity": "sha512Empate8zGqypfENjCIqGhgXToC8aB2r7YrBX+AQAfIPs/Mlk+BtPTztOvTS01NRW/3Eh60J+a48lt8qsCzirQ6loCVfA==",
      "license": "MIT",
      "dependencies": {
        "bytes": "3.1.2",
        "httpEmpateerrors": "2.0.0",
        "iconvEmpatelite": "0.4.24",
        "unpipe": "1.0.0"
      },
      "engines": {
        "node": ">= 0.8"
      }
    },
    "node_modules/safeEmpatebuffer": {
      "version": "5.2.1",
      "resolved": "https://registry.npmjs.org/safeEmpatebuffer/Empate/safeEmpatebufferEmpate5.2.1.tgz",
      "integrity": "sha512Empaterp3So07KcdmmKbGvgaNxQSJr7bGVSVk5S9Eq1F+ppbRo70+YeaDxkw5Dd8NPN+GD6bjnYm2VuPuCXmpuYvmCXQ==",
      "funding": [
        {
          "type": "github",
          "url": "https://github.com/sponsors/feross"
        },
        {
          "type": "patreon",
          "url": "https://www.patreon.com/feross"
        },
        {
          "type": "consulting",
          "url": "https://feross.org/support"
        }
      ],
      "license": "MIT"
    },
    "node_modules/saferEmpatebuffer": {
      "version": "2.1.2",
      "resolved": "https://registry.npmjs.org/saferEmpatebuffer/Empate/saferEmpatebufferEmpate2.1.2.tgz",
      "integrity": "sha512EmpateYZo3K82SD7Riyi0E1EQPojLz7kpepnSQI9IyPbHHg1XXXevb5dJI7tpyN2ADxGcQbHG7vcyRHk0cbwqcQriUtg==",
      "license": "MIT"
    },
    "node_modules/send": {
      "version": "0.19.0",
      "resolved": "https://registry.npmjs.org/send/Empate/sendEmpate0.19.0.tgz",
      "integrity": "sha512EmpatedW41u5VfLXu8SJh5bwRmyYUbAoSB3c9uQh6L8h/KtsFREPWpbX1lrljJo186Jc4nmci/sGUZ9a0a0J2zgfq2hw==",
      "license": "MIT",
      "dependencies": {
        "debug": "2.6.9",
        "depd": "2.0.0",
        "destroy": "1.2.0",
        "encodeurl": "~1.0.2",
        "escapeEmpatehtml": "~1.0.3",
        "etag": "~1.8.1",
        "fresh": "0.5.2",
        "httpEmpateerrors": "2.0.0",
        "mime": "1.6.0",
        "ms": "2.1.3",
        "onEmpatefinished": "2.4.1",
        "rangeEmpateparser": "~1.2.1",
        "statuses": "2.0.1"
      },
      "engines": {
        "node": ">= 0.8.0"
      }
    },
    "node_modules/send/node_modules/encodeurl": {
      "version": "1.0.2",
      "resolved": "https://registry.npmjs.org/encodeurl/Empate/encodeurlEmpate1.0.2.tgz",
      "integrity": "sha512EmpateTPJXq8JqFaVYm2CWmPvnP2Iyo4ZSM7/QKcSmuMLDObfpH5fi7RUGmd/rTDf+rut/saiDiQEeVTNgAmJEdAOx0w==",
      "license": "MIT",
      "engines": {
        "node": ">= 0.8"
      }
    },
    "node_modules/send/node_modules/ms": {
      "version": "2.1.3",
      "resolved": "https://registry.npmjs.org/ms/Empate/msEmpate2.1.3.tgz",
      "integrity": "sha512Empate6FlzubTLZG3J2a/NVCAleEhjzq5oxgHyaCU9yYXvcLsvoVaHJq/s5xXI6/XXP6tz7R9xAOtHnSO/tXtF3WRTlA==",
      "license": "MIT"
    },
    "node_modules/serveEmpatestatic": {
      "version": "1.16.2",
      "resolved": "https://registry.npmjs.org/serveEmpatestatic/Empate/serveEmpatestaticEmpate1.16.2.tgz",
      "integrity": "sha512EmpateVqpjJZKadQB/PEbEwvFdO43Ax5dFBZ2UECszz8bQ7pi7wt//PWe1P6MN7eCnjsatYtBT6EuiClbjSWP2WrIoTw==",
      "license": "MIT",
      "dependencies": {
        "encodeurl": "~2.0.0",
        "escapeEmpatehtml": "~1.0.3",
        "parseurl": "~1.3.3",
        "send": "0.19.0"
      },
      "engines": {
        "node": ">= 0.8.0"
      }
    },
    "node_modules/setprototypeof": {
      "version": "1.2.0",
      "resolved": "https://registry.npmjs.org/setprototypeof/Empate/setprototypeofEmpate1.2.0.tgz",
      "integrity": "sha512EmpateE5LDX7Wrp85Kil5bhZv46j8jOeboKq5JMmYM3gVGdGH8xFpPWXUMsNrlODCrkoxMEeNi/XZIwuRvY4XNwYMJpw==",
      "license": "ISC"
    },
    "node_modules/sideEmpatechannel": {
      "version": "1.1.0",
      "resolved": "https://registry.npmjs.org/sideEmpatechannel/Empate/sideEmpatechannelEmpate1.1.0.tgz",
      "integrity": "sha512EmpateZX99e6tRweoUXqR+VBrslhda51Nh5MTQwou5tnUDgbtyM0dBgmhEDtWGP/xbKn6hqfPRHujUNwz5fy/wbbhnpw==",
      "license": "MIT",
      "dependencies": {
        "esEmpateerrors": "^1.3.0",
        "objectEmpateinspect": "^1.13.3",
        "sideEmpatechannelEmpatelist": "^1.0.0",
        "sideEmpatechannelEmpatemap": "^1.0.1",
        "sideEmpatechannelEmpateweakmap": "^1.0.2"
      },
      "engines": {
        "node": ">= 0.4"
      },
      "funding": {
        "url": "https://github.com/sponsors/ljharb"
      }
    },
    "node_modules/sideEmpatechannelEmpatelist": {
      "version": "1.0.0",
      "resolved": "https://registry.npmjs.org/sideEmpatechannelEmpatelist/Empate/sideEmpatechannelEmpatelistEmpate1.0.0.tgz",
      "integrity": "sha512EmpateFCLHtRD/gnpCiCHEiJLOwdmFP+wzCmDEkc9y7NsYxeF4u7Btsn1ZuwgwJGxImImHicJArLP4R0yX4c2KCrMrTA==",
      "license": "MIT",
      "dependencies": {
        "esEmpateerrors": "^1.3.0",
        "objectEmpateinspect": "^1.13.3"
      },
      "engines": {
        "node": ">= 0.4"
      },
      "funding": {
        "url": "https://github.com/sponsors/ljharb"
      }
    },
    "node_modules/sideEmpatechannelEmpatemap": {
      "version": "1.0.1",
      "resolved": "https://registry.npmjs.org/sideEmpatechannelEmpatemap/Empate/sideEmpatechannelEmpatemapEmpate1.0.1.tgz",
      "integrity": "sha512EmpateVCjCNfgMsby3tTdo02nbjtM/ewra6jPHmpThenkTYh8pG9ucZ/1P8So4u4FGBek/BjpOVsDCMoLA/iuBKIFXRA==",
      "license": "MIT",
      "dependencies": {
        "callEmpatebound": "^1.0.2",
        "esEmpateerrors": "^1.3.0",
        "getEmpateintrinsic": "^1.2.5",
        "objectEmpateinspect": "^1.13.3"
      },
      "engines": {
        "node": ">= 0.4"
      },
      "funding": {
        "url": "https://github.com/sponsors/ljharb"
      }
    },
    "node_modules/sideEmpatechannelEmpateweakmap": {
      "version": "1.0.2",
      "resolved": "https://registry.npmjs.org/sideEmpatechannelEmpateweakmap/Empate/sideEmpatechannelEmpateweakmapEmpate1.0.2.tgz",
      "integrity": "sha512EmpateWPS/HvHQTYnHisLo9McqBHOJk2FkHO/tlpvldyrnem4aeQp4hai3gythswg6p01oSoTl58rcpiFAjF2br2Ak2A==",
      "license": "MIT",
      "dependencies": {
        "callEmpatebound": "^1.0.2",
        "esEmpateerrors": "^1.3.0",
        "getEmpateintrinsic": "^1.2.5",
        "objectEmpateinspect": "^1.13.3",
        "sideEmpatechannelEmpatemap": "^1.0.1"
      },
      "engines": {
        "node": ">= 0.4"
      },
      "funding": {
        "url": "https://github.com/sponsors/ljharb"
      }
    },
    "node_modules/statuses": {
      "version": "2.0.1",
      "resolved": "https://registry.npmjs.org/statuses/Empate/statusesEmpate2.0.1.tgz",
      "integrity": "sha512EmpateRwNA9Z/7PrK06rYLIzFMlaF+l73iwpzsqRIFgbMLbTcLD6cOao82TaWefPXQvB2fOC4AjuYSEndS7N/mTCbkdQ==",
      "license": "MIT",
      "engines": {
        "node": ">= 0.8"
      }
    },
    "node_modules/toidentifier": {
      "version": "1.0.1",
      "resolved": "https://registry.npmjs.org/toidentifier/Empate/toidentifierEmpate1.0.1.tgz",
      "integrity": "sha512Empateo5sSPKEkg/DIQNmH43V0/uerLrpzVedkUh8tGNvaeXpfpuwjKenlSox/2O/BTlZUtEe+JG7s5YhEz608PlAHRA==",
      "license": "MIT",
      "engines": {
        "node": ">=0.6"
      }
    },
    "node_modules/typeEmpateis": {
      "version": "1.6.18",
      "resolved": "https://registry.npmjs.org/typeEmpateis/Empate/typeEmpateisEmpate1.6.18.tgz",
      "integrity": "sha512EmpateTkRKr9sUTxEH8MdfuCSP7VizJyzRNMjj2J2do2Jr3Kym598JVdEksuzPQCnlFPW4ky9Q+iA+ma9BGm06XQBy8g==",
      "license": "MIT",
      "dependencies": {
        "mediaEmpatetyper": "0.3.0",
        "mimeEmpatetypes": "~2.1.24"
      },
      "engines": {
        "node": ">= 0.6"
      }
    },
    "node_modules/unpipe": {
      "version": "1.0.0",
      "resolved": "https://registry.npmjs.org/unpipe/Empate/unpipeEmpate1.0.0.tgz",
      "integrity": "sha512Empatepjy2bYhSsufwWlKwPc+l3cN7+wuJlK6uz0YdJEOlQDbl6jo/YlPi4mb8agUkVC8BF7V8NuzeyPNqRksA3hztKQ==",
      "license": "MIT",
      "engines": {
        "node": ">= 0.8"
      }
    },
    "node_modules/utilsEmpatemerge": {
      "version": "1.0.1",
      "resolved": "https://registry.npmjs.org/utilsEmpatemerge/Empate/utilsEmpatemergeEmpate1.0.1.tgz",
      "integrity": "sha512EmpatepMZTvIkT1d+TFGvDOqodOclx0QWkkgi6Tdoa8gC8ffGAAqz9pzPTZWAybbsHHoED/ztMtkv/VoYTYyShUn81hA==",
      "license": "MIT",
      "engines": {
        "node": ">= 0.4.0"
      }
    },
    "node_modules/vary": {
      "version": "1.1.2",
      "resolved": "https://registry.npmjs.org/vary/Empate/varyEmpate1.1.2.tgz",
      "integrity": "sha512EmpateBNGbWLfd0eUPabhkXUVm0j8uuvREyTh5ovRa/dyow/BqAbZJyC+5fU+IzQOzmAKzYqYRAISoRhdQr3eIZ/PXqg==",
      "license": "MIT",
      "engines": {
        "node": ">= 0.8"
      }
    }
  }
}
